
Microsoft Visual Studio Solution File, Format Version 12.00
# Visual Studio Version 17
VisualStudioVersion = 17.1.32421.90
MinimumVisualStudioVersion = 10.0.40219.1
Project("{FAE04EC0-301F-11D3-BF4B-00C04F79EFBC}") = "Lab6", "Lab6\Lab6.csproj", "{2D159681-93C2-431B-B1EE-A949D8A2DAED}"
EndProject
Global
	GlobalSection(SolutionConfigurationPlatforms) = preSolution
		Debug|Any CPU = Debug|Any CPU
		Release|Any CPU = Release|Any CPU
	EndGlobalSection
	GlobalSection(ProjectConfigurationPlatforms) = postSolution
		{2D159681-93C2-431B-B1EE-A949D8A2DAED}.Debug|Any CPU.ActiveCfg = Debug|Any CPU
		{2D159681-93C2-431B-B1EE-A949D8A2DAED}.Debug|Any CPU.Build.0 = Debug|Any CPU
		{2D159681-93C2-431B-B1EE-A949D8A2DAED}.Release|Any CPU.ActiveCfg = Release|Any CPU
		{2D159681-93C2-431B-B1EE-A949D8A2DAED}.Release|Any CPU.Build.0 = Release|Any CPU
	EndGlobalSection
	GlobalSection(SolutionProperties) = preSolution
		HideSolutionNode = FALSE
	EndGlobalSection
	GlobalSection(ExtensibilityGlobals) = postSolution
		SolutionGuid = {8DE3A540-5A8A-4B00-8F8E-EE4614643458}
	EndGlobalSection
EndGlobal
